<?xml version="1.0" encoding="utf-8"?>
<Project ToolsVersion="4.0" xmlns="http://schemas.microsoft.com/developer/msbuild/2003">
  <ItemGroup>
    <ClCompile Include="main.cpp" />
    <ClCompile Include="KeyManager.cpp">
      <Filter>MANAGERS\KeyManager</Filter>
    </ClCompile>
    <ClCompile Include="Player.cpp">
      <Filter>Player</Filter>
    </ClCompile>
    <ClCompile Include="pch.cpp">
      <Filter>headers</Filter>
    </ClCompile>
    <ClCompile Include="GameManager.cpp">
      <Filter>MANAGERS\GameManager</Filter>
    </ClCompile>
    <ClCompile Include="fix.cpp" />
    <ClCompile Include="ResourceManager.cpp">
      <Filter>MANAGERS\ResourceManager</Filter>
    </ClCompile>
    <ClCompile Include="SceneManager.hpp">
      <Filter>MANAGERS\SceneManager</Filter>
    </ClCompile>
    <ClCompile Include="NetworkManager.cpp">
      <Filter>MANAGERS\NetworkManager</Filter>
    </ClCompile>
    <ClCompile Include="EventManager.cpp">
      <Filter>MANAGERS\EventManager</Filter>
    </ClCompile>
    <ClCompile Include="PlayerManager.cpp">
      <Filter>MANAGERS\PlayerManager</Filter>
    </ClCompile>
  </ItemGroup>
  <ItemGroup>
    <Filter Include="assets">
      <UniqueIdentifier>{906df396-0157-4b2b-9732-68e21f0dd85d}</UniqueIdentifier>
    </Filter>
    <Filter Include="Player">
      <UniqueIdentifier>{9c630083-e297-4fa3-8339-122ebf917456}</UniqueIdentifier>
    </Filter>
    <Filter Include="headers">
      <UniqueIdentifier>{bb2c070f-78d3-4e7a-a505-76489b7973a7}</UniqueIdentifier>
    </Filter>
    <Filter Include="Scenes">
      <UniqueIdentifier>{70398283-154b-4279-acd8-f0a3f2006567}</UniqueIdentifier>
    </Filter>
    <Filter Include="MANAGERS">
      <UniqueIdentifier>{3dd853b3-2f0d-4d8d-8e3c-472e53c3929d}</UniqueIdentifier>
    </Filter>
    <Filter Include="MANAGERS\NetworkManager">
      <UniqueIdentifier>{576055e2-92af-4140-b9db-9e0cb3f700a5}</UniqueIdentifier>
    </Filter>
    <Filter Include="MANAGERS\KeyManager">
      <UniqueIdentifier>{0ccbf35d-87e2-4836-af80-b080d16b5e6d}</UniqueIdentifier>
    </Filter>
    <Filter Include="MANAGERS\GameManager">
      <UniqueIdentifier>{aaad3b4f-8a6d-4e48-9c6d-64899595db43}</UniqueIdentifier>
    </Filter>
    <Filter Include="MANAGERS\AnimationManager">
      <UniqueIdentifier>{7947735a-dccf-4471-ac0a-9f656d84cbf9}</UniqueIdentifier>
    </Filter>
    <Filter Include="MANAGERS\ResourceManager">
      <UniqueIdentifier>{e99d05fe-fd29-4572-bf0e-eaa97c3f2847}</UniqueIdentifier>
    </Filter>
    <Filter Include="MANAGERS\SceneManager">
      <UniqueIdentifier>{0c25b507-e595-41b7-a907-17e7d1a518ff}</UniqueIdentifier>
    </Filter>
    <Filter Include="MANAGERS\TimeManager">
      <UniqueIdentifier>{eced138d-5174-4b7a-8f45-e2983e28d206}</UniqueIdentifier>
    </Filter>
    <Filter Include="MANAGERS\SoundManager">
      <UniqueIdentifier>{bb60aed8-dd16-40d1-a278-1529435aa0ae}</UniqueIdentifier>
    </Filter>
    <Filter Include="UI">
      <UniqueIdentifier>{a8e5a843-5bdb-47e7-bdc0-258fe4246aa0}</UniqueIdentifier>
    </Filter>
    <Filter Include="UI\Overlays">
      <UniqueIdentifier>{b7ebb9e8-cb78-4aa5-b676-76ae4d093509}</UniqueIdentifier>
    </Filter>
    <Filter Include="MANAGERS\UIManager">
      <UniqueIdentifier>{e75d37b2-eea7-4870-811a-6d5bd500cbea}</UniqueIdentifier>
    </Filter>
    <Filter Include="MANAGERS\BattleManager">
      <UniqueIdentifier>{410620b2-eaa0-4561-b208-4a91aa17b9b9}</UniqueIdentifier>
    </Filter>
    <Filter Include="MANAGERS\EventManager">
      <UniqueIdentifier>{f701d144-adb3-4aae-b1f3-f05c59f85788}</UniqueIdentifier>
    </Filter>
    <Filter Include="MANAGERS\PlayerManager">
      <UniqueIdentifier>{a59aac53-6132-4a3b-8276-eeedf0a78a16}</UniqueIdentifier>
    </Filter>
  </ItemGroup>
  <ItemGroup>
    <ClInclude Include="KeyManager.hpp">
      <Filter>MANAGERS\KeyManager</Filter>
    </ClInclude>
    <ClInclude Include="Player.hpp">
      <Filter>Player</Filter>
    </ClInclude>
    <ClInclude Include="pch.h">
      <Filter>headers</Filter>
    </ClInclude>
    <ClInclude Include="GameManager.hpp">
      <Filter>MANAGERS\GameManager</Filter>
    </ClInclude>
    <ClInclude Include="TitleScene.hpp">
      <Filter>Scenes</Filter>
    </ClInclude>
    <ClInclude Include="LoginScene.hpp">
      <Filter>Scenes</Filter>
    </ClInclude>
    <ClInclude Include="BaseUI.hpp">
      <Filter>UI</Filter>
    </ClInclude>
    <ClInclude Include="UIButton.hpp">
      <Filter>UI</Filter>
    </ClInclude>
    <ClInclude Include="UITextBox.hpp">
      <Filter>UI</Filter>
    </ClInclude>
    <ClInclude Include="worldScene.hpp">
      <Filter>Scenes</Filter>
    </ClInclude>
    <ClInclude Include="TimeManager.hpp">
      <Filter>MANAGERS\TimeManager</Filter>
    </ClInclude>
    <ClInclude Include="AnimationManager.hpp">
      <Filter>MANAGERS\AnimationManager</Filter>
    </ClInclude>
    <ClInclude Include="AnimatedObject.hpp">
      <Filter>MANAGERS\AnimationManager</Filter>
    </ClInclude>
    <ClInclude Include="OpeningScene.hpp">
      <Filter>Scenes</Filter>
    </ClInclude>
    <ClInclude Include="ResourceManager.hpp">
      <Filter>MANAGERS\ResourceManager</Filter>
    </ClInclude>
    <ClInclude Include="SettingsOverlay.hpp">
      <Filter>UI\Overlays</Filter>
    </ClInclude>
    <ClInclude Include="NetworkManager.hpp">
      <Filter>MANAGERS\NetworkManager</Filter>
    </ClInclude>
    <ClInclude Include="baseScene.hpp">
      <Filter>Scenes</Filter>
    </ClInclude>
    <ClInclude Include="SoundManager.hpp">
      <Filter>MANAGERS\SoundManager</Filter>
    </ClInclude>
    <ClInclude Include="UIManager.hpp">
      <Filter>MANAGERS\UIManager</Filter>
    </ClInclude>
    <ClInclude Include="SelectOverlay.hpp">
      <Filter>UI\Overlays</Filter>
    </ClInclude>
    <ClInclude Include="battleScene.hpp">
      <Filter>Scenes</Filter>
    </ClInclude>
    <ClInclude Include="BattleManager.hpp">
      <Filter>MANAGERS\BattleManager</Filter>
    </ClInclude>
    <ClInclude Include="UISlider.hpp">
      <Filter>UI</Filter>
    </ClInclude>
    <ClInclude Include="CharacterSelectOverlay.hpp">
      <Filter>UI\Overlays</Filter>
    </ClInclude>
    <ClInclude Include="EventManager.hpp">
      <Filter>MANAGERS\EventManager</Filter>
    </ClInclude>
    <ClInclude Include="PlayerManager.hpp">
      <Filter>MANAGERS\PlayerManager</Filter>
    </ClInclude>
  </ItemGroup>
</Project>