<?xml version="1.0" encoding="utf-8"?>
<Project ToolsVersion="4.0" xmlns="http://schemas.microsoft.com/developer/msbuild/2003">
  <ItemGroup>
    <ClCompile Include="main.cpp" />
    <ClCompile Include="KeyManager.cpp">
      <Filter>KeyManager</Filter>
    </ClCompile>
    <ClCompile Include="Player.cpp">
      <Filter>Player</Filter>
    </ClCompile>
    <ClCompile Include="pch.cpp">
      <Filter>headers</Filter>
    </ClCompile>
    <ClCompile Include="GameManager.cpp">
      <Filter>GameManager</Filter>
    </ClCompile>
    <ClCompile Include="SceneManager.hpp">
      <Filter>Scenes</Filter>
    </ClCompile>
  </ItemGroup>
  <ItemGroup>
    <Filter Include="assets">
      <UniqueIdentifier>{906df396-0157-4b2b-9732-68e21f0dd85d}</UniqueIdentifier>
    </Filter>
    <Filter Include="KeyManager">
      <UniqueIdentifier>{0ccbf35d-87e2-4836-af80-b080d16b5e6d}</UniqueIdentifier>
    </Filter>
    <Filter Include="Player">
      <UniqueIdentifier>{9c630083-e297-4fa3-8339-122ebf917456}</UniqueIdentifier>
    </Filter>
    <Filter Include="headers">
      <UniqueIdentifier>{bb2c070f-78d3-4e7a-a505-76489b7973a7}</UniqueIdentifier>
    </Filter>
    <Filter Include="GameManager">
      <UniqueIdentifier>{aaad3b4f-8a6d-4e48-9c6d-64899595db43}</UniqueIdentifier>
    </Filter>
    <Filter Include="Scenes">
      <UniqueIdentifier>{70398283-154b-4279-acd8-f0a3f2006567}</UniqueIdentifier>
    </Filter>
    <Filter Include="UIManager">
      <UniqueIdentifier>{a8e5a843-5bdb-47e7-bdc0-258fe4246aa0}</UniqueIdentifier>
    </Filter>
  </ItemGroup>
  <ItemGroup>
    <Image Include="D:\작업\drawing\test.jpg">
      <Filter>assets</Filter>
    </Image>
  </ItemGroup>
  <ItemGroup>
    <ClInclude Include="KeyManager.h">
      <Filter>KeyManager</Filter>
    </ClInclude>
    <ClInclude Include="Player.h">
      <Filter>Player</Filter>
    </ClInclude>
    <ClInclude Include="pch.h">
      <Filter>headers</Filter>
    </ClInclude>
    <ClInclude Include="GameManager.h">
      <Filter>GameManager</Filter>
    </ClInclude>
    <ClInclude Include="baseScene.hpp">
      <Filter>Scenes</Filter>
    </ClInclude>
    <ClInclude Include="TitleScene.hpp">
      <Filter>Scenes</Filter>
    </ClInclude>
    <ClInclude Include="LoginScene.hpp">
      <Filter>Scenes</Filter>
    </ClInclude>
    <ClInclude Include="BaseUI.hpp">
      <Filter>UIManager</Filter>
    </ClInclude>
    <ClInclude Include="UIManager.hpp">
      <Filter>UIManager</Filter>
    </ClInclude>
    <ClInclude Include="UIButton.hpp">
      <Filter>UIManager</Filter>
    </ClInclude>
    <ClInclude Include="UITextBox.hpp">
      <Filter>UIManager</Filter>
    </ClInclude>
    <ClInclude Include="worldScene.hpp">
      <Filter>Scenes</Filter>
    </ClInclude>
  </ItemGroup>
</Project>