
Microsoft Visual Studio Solution File, Format Version 12.00
# Visual Studio Version 17
VisualStudioVersion = 17.13.35818.85
MinimumVisualStudioVersion = 10.0.40219.1
Project("{8BC9CEB8-8B4A-11D0-8D11-00A0C91BC942}") = "Client", "Client\Client.vcxproj", "{D7B1D1C1-C248-4CA1-9E8E-1D525AA24681}"
EndProject
Project("{8BC9CEB8-8B4A-11D0-8D11-00A0C91BC942}") = "Server", "Server\Server.vcxproj", "{616700F6-3FE0-449C-8773-3D94DEEFC6BD}"
EndProject
Global
	GlobalSection(SolutionConfigurationPlatforms) = preSolution
		Debug|x64 = Debug|x64
		Debug|x86 = Debug|x86
		Release|x64 = Release|x64
		Release|x86 = Release|x86
	EndGlobalSection
	GlobalSection(ProjectConfigurationPlatforms) = postSolution
		{D7B1D1C1-C248-4CA1-9E8E-1D525AA24681}.Debug|x64.ActiveCfg = Debug|x64
		{D7B1D1C1-C248-4CA1-9E8E-1D525AA24681}.Debug|x64.Build.0 = Debug|x64
		{D7B1D1C1-C248-4CA1-9E8E-1D525AA24681}.Debug|x86.ActiveCfg = Debug|Win32
		{D7B1D1C1-C248-4CA1-9E8E-1D525AA24681}.Debug|x86.Build.0 = Debug|Win32
		{D7B1D1C1-C248-4CA1-9E8E-1D525AA24681}.Release|x64.ActiveCfg = Release|x64
		{D7B1D1C1-C248-4CA1-9E8E-1D525AA24681}.Release|x64.Build.0 = Release|x64
		{D7B1D1C1-C248-4CA1-9E8E-1D525AA24681}.Release|x86.ActiveCfg = Release|Win32
		{D7B1D1C1-C248-4CA1-9E8E-1D525AA24681}.Release|x86.Build.0 = Release|Win32
		{616700F6-3FE0-449C-8773-3D94DEEFC6BD}.Debug|x64.ActiveCfg = Debug|x64
		{616700F6-3FE0-449C-8773-3D94DEEFC6BD}.Debug|x64.Build.0 = Debug|x64
		{616700F6-3FE0-449C-8773-3D94DEEFC6BD}.Debug|x86.ActiveCfg = Debug|Win32
		{616700F6-3FE0-449C-8773-3D94DEEFC6BD}.Debug|x86.Build.0 = Debug|Win32
		{616700F6-3FE0-449C-8773-3D94DEEFC6BD}.Release|x64.ActiveCfg = Release|x64
		{616700F6-3FE0-449C-8773-3D94DEEFC6BD}.Release|x64.Build.0 = Release|x64
		{616700F6-3FE0-449C-8773-3D94DEEFC6BD}.Release|x86.ActiveCfg = Release|Win32
		{616700F6-3FE0-449C-8773-3D94DEEFC6BD}.Release|x86.Build.0 = Release|Win32
	EndGlobalSection
	GlobalSection(SolutionProperties) = preSolution
		HideSolutionNode = FALSE
	EndGlobalSection
	GlobalSection(ExtensibilityGlobals) = postSolution
		SolutionGuid = {3C8D897D-35D8-408C-AC3E-1F1564D704F0}
	EndGlobalSection
EndGlobal
